
Microsoft Visual Studio Solution File, Format Version 12.00
# Visual Studio Version 16
VisualStudioVersion = 16.0.31410.357
MinimumVisualStudioVersion = 10.0.40219.1
Project("{FAE04EC0-301F-11D3-BF4B-00C04F79EFBC}") = "Shapees", "Shapees\Shapees.csproj", "{59BE79B7-6AFA-4A1A-BBF4-2E7A0542D266}"
EndProject
Global
	GlobalSection(SolutionConfigurationPlatforms) = preSolution
		Debug|Any CPU = Debug|Any CPU
		Release|Any CPU = Release|Any CPU
	EndGlobalSection
	GlobalSection(ProjectConfigurationPlatforms) = postSolution
		{59BE79B7-6AFA-4A1A-BBF4-2E7A0542D266}.Debug|Any CPU.ActiveCfg = Debug|Any CPU
		{59BE79B7-6AFA-4A1A-BBF4-2E7A0542D266}.Debug|Any CPU.Build.0 = Debug|Any CPU
		{59BE79B7-6AFA-4A1A-BBF4-2E7A0542D266}.Release|Any CPU.ActiveCfg = Release|Any CPU
		{59BE79B7-6AFA-4A1A-BBF4-2E7A0542D266}.Release|Any CPU.Build.0 = Release|Any CPU
	EndGlobalSection
	GlobalSection(SolutionProperties) = preSolution
		HideSolutionNode = FALSE
	EndGlobalSection
	GlobalSection(ExtensibilityGlobals) = postSolution
		SolutionGuid = {6224233C-9A86-459A-8DC4-850147AE5CD6}
	EndGlobalSection
EndGlobal
